
Microsoft Visual Studio Solution File, Format Version 12.00
# Visual Studio Version 17
VisualStudioVersion = 17.4.33205.214
MinimumVisualStudioVersion = 10.0.40219.1
Project("{8BC9CEB8-8B4A-11D0-8D11-00A0C91BC942}") = "Launcher", "Launcher.vcxproj", "{C41C77BA-6E7F-4773-8A21-9692BE04A36C}"
EndProject
Project("{2150E333-8FDC-42A3-9474-1A3956D46DE8}") = "解决方案项", "解决方案项", "{20E93D0E-5FF5-4ABB-9B81-FA7DB0C0608A}"
	ProjectSection(SolutionItems) = preProject
		README.md = README.md
	EndProjectSection
EndProject
Global
	GlobalSection(SolutionConfigurationPlatforms) = preSolution
		Debug|x64 = Debug|x64
		Debug|x86 = Debug|x86
		Release|x64 = Release|x64
		Release|x86 = Release|x86
	EndGlobalSection
	GlobalSection(ProjectConfigurationPlatforms) = postSolution
		{C41C77BA-6E7F-4773-8A21-9692BE04A36C}.Debug|x64.ActiveCfg = Debug|x64
		{C41C77BA-6E7F-4773-8A21-9692BE04A36C}.Debug|x64.Build.0 = Debug|x64
		{C41C77BA-6E7F-4773-8A21-9692BE04A36C}.Debug|x86.ActiveCfg = Debug|Win32
		{C41C77BA-6E7F-4773-8A21-9692BE04A36C}.Debug|x86.Build.0 = Debug|Win32
		{C41C77BA-6E7F-4773-8A21-9692BE04A36C}.Release|x64.ActiveCfg = Release|x64
		{C41C77BA-6E7F-4773-8A21-9692BE04A36C}.Release|x64.Build.0 = Release|x64
		{C41C77BA-6E7F-4773-8A21-9692BE04A36C}.Release|x86.ActiveCfg = Release|Win32
		{C41C77BA-6E7F-4773-8A21-9692BE04A36C}.Release|x86.Build.0 = Release|Win32
	EndGlobalSection
	GlobalSection(SolutionProperties) = preSolution
		HideSolutionNode = FALSE
	EndGlobalSection
	GlobalSection(ExtensibilityGlobals) = postSolution
		SolutionGuid = {EF68AEE7-536F-4AB6-BD4E-AB171D0D8A8E}
	EndGlobalSection
EndGlobal
